github.com/BurntSushi/toml v1.5.0 h1:W5quZX/G/csjUnuI8SUYlsHs9M38FC7znL0lIO+DvMg=
github.com/BurntSushi/toml v1.5.0/go.mod h1:ukJfTF/6rtPPRCnwkur4qwRxa8vTRFBF0uk2lLoLwho=
github.com/fatih/color v1.16.0 h1:zmkK9Ngbjj+K0yRhTVONQh1p/HknKYSlNT+vZCzyokM=
github.com/fatih/color v1.16.0/go.mod h1:fL2Sau1YI5c0pdGEVCbKQbLXB6edEj1ZgiY4NijnWvE=
github.com/google/go-cmp v0.6.0 h1:ofyhxvXcZhMsU5ulbFiLKl/XBFqE1GSq7atu8tAmTRI=
github.com/google/go-cmp v0.6.0/go.mod h1:17dUlkBOakJ0+DkrSSNjCkIjxS6bF9zb3elmeNGIjoY=
github.com/k0kubun/pp/v3 v3.2.0 h1:h33hNTZ9nVFNP3u2Fsgz8JXiF5JINoZfFq4SvKJwNcs=
github.com/k0kubun/pp/v3 v3.2.0/go.mod h1:ODtJQbQcIRfAD3N+theGCV1m/CBxweERz2dapdz1EwA=
github.com/m-mizutani/clog v0.1.0 h1:VRMFLVYodCbkdwfjBzJFqTmkz5j6kNLoYtXs249cI3A=
github.com/m-mizutani/clog v0.1.0/go.mod h1:f3mNeMaSkE0SIQG/dR1xDu2hAfbptqdvI5CIRbzG34A=
github.com/m-mizutani/ctxlog v0.2.0 h1:9uS18pV/mb/90mc/DJp8no67pdOIlCai+L5hv/MkCso=
github.com/m-mizutani/ctxlog v0.2.0/go.mod h1:BTVGSqZO4JJgKBUJWBNo+Yy2j2xTGCYeEQ65h2VBMXE=
github.com/m-mizutani/goerr/v2 v2.0.0-beta.4 h1:7ILEckLU2j0DshbYhVIxWfJKiQPK8bKHQgw2vy7hwXI=
github.com/m-mizutani/goerr/v2 v2.0.0-beta.4/go.mod h1:Ax59zs+j3NmzB/mPLc1w3g4yIutdrwcY7cB6IRO18EU=
github.com/m-mizutani/gt v0.1.0 h1:HCz+dE6zmlpceb4smal4hOyZyS+WHxGtiOTUJwA9n1A=
github.com/m-mizutani/gt v0.1.0/go.mod h1:0MPYSfGBLmYjTduzADVmIqD58ELQ5IfBFiK/f0FmB3k=
github.com/mattn/go-colorable v0.1.13 h1:fFA4WZxdEF4tXPZVKMLwD8oUnCTTo08duU7wxecdEvA=
github.com/mattn/go-colorable v0.1.13/go.mod h1:7S9/ev0klgBDR4GtXTXX8a3vIGJpMovkB8vQcUbaXHg=
github.com/mattn/go-isatty v0.0.16/go.mod h1:kYGgaQfpe5nmfYZH+SKPsOc2e4SrIfOl2e/yFXSvRLM=
github.com/mattn/go-isatty v0.0.20 h1:xfD0iDuEKnDkl03q4limB+vH+GxLEtL/jb4xVJSWWEY=
github.com/mattn/go-isatty v0.0.20/go.mod h1:W+V8PltTTMOvKvAeJH7IuucS94S2C6jfK/D7dTCTo3Y=
golang.org/x/sys v0.0.0-20220811171246-fbc7d0a398ab/go.mod h1:oPkhp1MJrh7nUepCBck5+mAzfO9JrbApNNgaTdGDITg=
golang.org/x/sys v0.6.0/go.mod h1:oPkhp1MJrh7nUepCBck5+mAzfO9JrbApNNgaTdGDITg=
golang.org/x/sys v0.36.0 h1:KVRy2GtZBrk1cBYA7MKu5bEZFxQk4NIDV6RLVcC8o0k=
golang.org/x/sys v0.36.0/go.mod h1:OgkHotnGiDImocRcuBABYBEXf8A9a87e/uXjp9XT3ks=
golang.org/x/term v0.35.0 h1:bZBVKBudEyhRcajGcNc3jIfWPqV4y/Kt2XcoigOWtDQ=
golang.org/x/term v0.35.0/go.mod h1:TPGtkTLesOwf2DE8CgVYiZinHAOuy5AYUYT1lENIZnA=
golang.org/x/text v0.14.0 h1:ScX5w1eTa3QqT8oi6+ziP7dTV1S2+ALU0bI+0zXKWiQ=
golang.org/x/text v0.14.0/go.mod h1:18ZOQIKpY8NJVqYksKHtTdi31H5itFRjB5/qKTNYzSU=
